
Microsoft Visual Studio Solution File, Format Version 12.00
# Visual Studio Version 16
VisualStudioVersion = 16.0.30517.126
MinimumVisualStudioVersion = 10.0.40219.1
Project("{FAE04EC0-301F-11D3-BF4B-00C04F79EFBC}") = "Encrypter App", "Encrypter App.csproj", "{DBDDAB33-EFCF-4700-87F4-AD2CF351FCA4}"
EndProject
Global
	GlobalSection(SolutionConfigurationPlatforms) = preSolution
		Debug|Any CPU = Debug|Any CPU
		Release|Any CPU = Release|Any CPU
	EndGlobalSection
	GlobalSection(ProjectConfigurationPlatforms) = postSolution
		{DBDDAB33-EFCF-4700-87F4-AD2CF351FCA4}.Debug|Any CPU.ActiveCfg = Debug|Any CPU
		{DBDDAB33-EFCF-4700-87F4-AD2CF351FCA4}.Debug|Any CPU.Build.0 = Debug|Any CPU
		{DBDDAB33-EFCF-4700-87F4-AD2CF351FCA4}.Release|Any CPU.ActiveCfg = Release|Any CPU
		{DBDDAB33-EFCF-4700-87F4-AD2CF351FCA4}.Release|Any CPU.Build.0 = Release|Any CPU
	EndGlobalSection
	GlobalSection(SolutionProperties) = preSolution
		HideSolutionNode = FALSE
	EndGlobalSection
	GlobalSection(ExtensibilityGlobals) = postSolution
		SolutionGuid = {11759658-7DA2-46B4-81F8-C9485FC9499A}
	EndGlobalSection
EndGlobal
